
Microsoft Visual Studio Solution File, Format Version 12.00
# Visual Studio Version 17
VisualStudioVersion = 17.3.32929.385
MinimumVisualStudioVersion = 10.0.40219.1
Project("{9A19103F-16F7-4668-BE54-9A1E7A4F7556}") = "BulkyBookWeb", "BulkyBookWeb\BulkyBookWeb.csproj", "{EDA0BC17-F1DD-42E3-BCAC-48BA62961C06}"
EndProject
Project("{FAE04EC0-301F-11D3-BF4B-00C04F79EFBC}") = "BulkyBook.DataAccess", "BulkyBookDataAccess\BulkyBook.DataAccess.csproj", "{1F19A1D1-ED12-4E30-BAE1-C586A7EF3609}"
EndProject
Project("{FAE04EC0-301F-11D3-BF4B-00C04F79EFBC}") = "BulkyBook.Models", "BulkyBook.Models\BulkyBook.Models.csproj", "{4D9123EF-E4CC-4505-82D8-7049F2D58217}"
EndProject
Project("{FAE04EC0-301F-11D3-BF4B-00C04F79EFBC}") = "BulkyBook.Utility", "BulkyBook.Utilities\BulkyBook.Utility.csproj", "{F7F12F54-4991-4DCB-866B-BA5813471B8B}"
EndProject
Global
	GlobalSection(SolutionConfigurationPlatforms) = preSolution
		Debug|Any CPU = Debug|Any CPU
		Release|Any CPU = Release|Any CPU
	EndGlobalSection
	GlobalSection(ProjectConfigurationPlatforms) = postSolution
		{EDA0BC17-F1DD-42E3-BCAC-48BA62961C06}.Debug|Any CPU.ActiveCfg = Debug|Any CPU
		{EDA0BC17-F1DD-42E3-BCAC-48BA62961C06}.Debug|Any CPU.Build.0 = Debug|Any CPU
		{EDA0BC17-F1DD-42E3-BCAC-48BA62961C06}.Release|Any CPU.ActiveCfg = Release|Any CPU
		{EDA0BC17-F1DD-42E3-BCAC-48BA62961C06}.Release|Any CPU.Build.0 = Release|Any CPU
		{1F19A1D1-ED12-4E30-BAE1-C586A7EF3609}.Debug|Any CPU.ActiveCfg = Debug|Any CPU
		{1F19A1D1-ED12-4E30-BAE1-C586A7EF3609}.Debug|Any CPU.Build.0 = Debug|Any CPU
		{1F19A1D1-ED12-4E30-BAE1-C586A7EF3609}.Release|Any CPU.ActiveCfg = Release|Any CPU
		{1F19A1D1-ED12-4E30-BAE1-C586A7EF3609}.Release|Any CPU.Build.0 = Release|Any CPU
		{4D9123EF-E4CC-4505-82D8-7049F2D58217}.Debug|Any CPU.ActiveCfg = Debug|Any CPU
		{4D9123EF-E4CC-4505-82D8-7049F2D58217}.Debug|Any CPU.Build.0 = Debug|Any CPU
		{4D9123EF-E4CC-4505-82D8-7049F2D58217}.Release|Any CPU.ActiveCfg = Release|Any CPU
		{4D9123EF-E4CC-4505-82D8-7049F2D58217}.Release|Any CPU.Build.0 = Release|Any CPU
		{F7F12F54-4991-4DCB-866B-BA5813471B8B}.Debug|Any CPU.ActiveCfg = Debug|Any CPU
		{F7F12F54-4991-4DCB-866B-BA5813471B8B}.Debug|Any CPU.Build.0 = Debug|Any CPU
		{F7F12F54-4991-4DCB-866B-BA5813471B8B}.Release|Any CPU.ActiveCfg = Release|Any CPU
		{F7F12F54-4991-4DCB-866B-BA5813471B8B}.Release|Any CPU.Build.0 = Release|Any CPU
	EndGlobalSection
	GlobalSection(SolutionProperties) = preSolution
		HideSolutionNode = FALSE
	EndGlobalSection
	GlobalSection(ExtensibilityGlobals) = postSolution
		SolutionGuid = {1BB535E3-8630-4147-9420-A984042BC925}
	EndGlobalSection
EndGlobal
